<?xml version="1.0" encoding="utf-8"?>
<Project ToolsVersion="4.0" xmlns="http://schemas.microsoft.com/developer/msbuild/2003">
  <ItemGroup>
    <Filter Include="ソース ファイル">
      <UniqueIdentifier>{4FC737F1-C7A5-4376-A066-2A32D752A2FF}</UniqueIdentifier>
      <Extensions>cpp;c;cc;cxx;c++;cppm;ixx;def;odl;idl;hpj;bat;asm;asmx</Extensions>
    </Filter>
    <Filter Include="リソース ファイル">
      <UniqueIdentifier>{67DA6AB6-F800-4c08-8B7A-83BB121AAD01}</UniqueIdentifier>
      <Extensions>rc;ico;cur;bmp;dlg;rc2;rct;bin;rgs;gif;jpg;jpeg;jpe;resx;tiff;tif;png;wav;mfcribbon-ms</Extensions>
    </Filter>
    <Filter Include="ヘッダーファイル">
      <UniqueIdentifier>{b175751c-ecdb-4075-abaf-89a2180ccaa1}</UniqueIdentifier>
    </Filter>
  </ItemGroup>
  <ItemGroup>
    <ClCompile Include="Entity\Bullet.cpp">
      <Filter>ソース ファイル</Filter>
    </ClCompile>
    <ClCompile Include="Entity\Enemy.cpp">
      <Filter>ソース ファイル</Filter>
    </ClCompile>
    <ClCompile Include="Entity\Entity.cpp">
      <Filter>ソース ファイル</Filter>
    </ClCompile>
    <ClCompile Include="Entity\Player.cpp">
      <Filter>ソース ファイル</Filter>
    </ClCompile>
    <ClCompile Include="Manager\SceneManager.cpp">
      <Filter>ソース ファイル</Filter>
    </ClCompile>
    <ClCompile Include="Scene\GameScene.cpp">
      <Filter>ソース ファイル</Filter>
    </ClCompile>
    <ClCompile Include="Scene\ResultScene.cpp">
      <Filter>ソース ファイル</Filter>
    </ClCompile>
    <ClCompile Include="Scene\TitleScene.cpp">
      <Filter>ソース ファイル</Filter>
    </ClCompile>
    <ClCompile Include="Util\Time.cpp">
      <Filter>ソース ファイル</Filter>
    </ClCompile>
    <ClCompile Include="main.cpp">
      <Filter>ソース ファイル</Filter>
    </ClCompile>
  </ItemGroup>
  <ItemGroup>
    <ClInclude Include="Entity\Bullet.h">
      <Filter>ヘッダーファイル</Filter>
    </ClInclude>
    <ClInclude Include="Util\Common.h">
      <Filter>ヘッダーファイル</Filter>
    </ClInclude>
    <ClInclude Include="Entity\Enemy.h">
      <Filter>ヘッダーファイル</Filter>
    </ClInclude>
    <ClInclude Include="Scene\GameScene.h">
      <Filter>ヘッダーファイル</Filter>
    </ClInclude>
    <ClInclude Include="Entity\Entity.h">
      <Filter>ヘッダーファイル</Filter>
    </ClInclude>
    <ClInclude Include="Manager\InputManager.h">
      <Filter>ヘッダーファイル</Filter>
    </ClInclude>
    <ClInclude Include="Entity\Object.h">
      <Filter>ヘッダーファイル</Filter>
    </ClInclude>
    <ClInclude Include="Entity\Player.h">
      <Filter>ヘッダーファイル</Filter>
    </ClInclude>
    <ClInclude Include="Util\Point.h">
      <Filter>ヘッダーファイル</Filter>
    </ClInclude>
    <ClInclude Include="Util\PoolAllocator.h">
      <Filter>ヘッダーファイル</Filter>
    </ClInclude>
    <ClInclude Include="Scene\ResultScene.h">
      <Filter>ヘッダーファイル</Filter>
    </ClInclude>
    <ClInclude Include="Scene\Scene.h">
      <Filter>ヘッダーファイル</Filter>
    </ClInclude>
    <ClInclude Include="Manager\SceneManager.h">
      <Filter>ヘッダーファイル</Filter>
    </ClInclude>
    <ClInclude Include="Util\Time.h">
      <Filter>ヘッダーファイル</Filter>
    </ClInclude>
    <ClInclude Include="Scene\TitleScene.h">
      <Filter>ヘッダーファイル</Filter>
    </ClInclude>
    <ClInclude Include="Util\Vec2.h">
      <Filter>ヘッダーファイル</Filter>
    </ClInclude>
  </ItemGroup>
</Project>